
Microsoft Visual Studio Solution File, Format Version 12.00
# Visual Studio 2013
VisualStudioVersion = 12.0.31101.0
MinimumVisualStudioVersion = 10.0.40219.1
Project("{FAE04EC0-301F-11D3-BF4B-00C04F79EFBC}") = "LinerDataStructure", "LinerDataStructure\LinerDataStructure.csproj", "{267724A9-72E4-4316-B2EC-A7101703732E}"
EndProject
Project("{FAE04EC0-301F-11D3-BF4B-00C04F79EFBC}") = "2. Union and Intersection", "2. Union and Intersection\2. Union and Intersection.csproj", "{9F742B8B-C997-4B49-ACDD-F7A0910F5D39}"
EndProject
Project("{FAE04EC0-301F-11D3-BF4B-00C04F79EFBC}") = "BinaryTree", "BinaryTree\BinaryTree.csproj", "{2B05CA54-2B1E-4B42-A7AD-28E3E3336DE6}"
EndProject
Project("{FAE04EC0-301F-11D3-BF4B-00C04F79EFBC}") = "Random_Number_Listmaker", "Random_Number_Listmaker\Random_Number_Listmaker.csproj", "{25C48314-794A-4E11-866C-C6FF05BE4EC2}"
EndProject
Project("{2150E333-8FDC-42A3-9474-1A3956D46DE8}") = "Bitoperation", "Bitoperation", "{42D1CEAF-CE6B-4C29-B241-891CFB9CC6EF}"
EndProject
Project("{FAE04EC0-301F-11D3-BF4B-00C04F79EFBC}") = "ASMD", "ASMD\ASMD.csproj", "{D52C11FF-2F14-4CC5-BFE1-DDEBE5E8A2CC}"
EndProject
Project("{2150E333-8FDC-42A3-9474-1A3956D46DE8}") = "Array", "Array", "{8FC283AD-D59A-4495-BF80-273F085D573D}"
EndProject
Project("{FAE04EC0-301F-11D3-BF4B-00C04F79EFBC}") = "replaceSpace", "replaceSpace\replaceSpace.csproj", "{F18CB91B-0920-4A26-9A65-771182C96873}"
EndProject
Project("{FAE04EC0-301F-11D3-BF4B-00C04F79EFBC}") = "ReverseString", "ReverseString\ReverseString.csproj", "{960A1B43-36C7-4BB2-8CC7-D381456E09B7}"
EndProject
Project("{FAE04EC0-301F-11D3-BF4B-00C04F79EFBC}") = "reverseWord", "reverseWord\reverseWord.csproj", "{6C1FE484-6215-4914-96D4-02EB6212AC59}"
EndProject
Project("{2150E333-8FDC-42A3-9474-1A3956D46DE8}") = "Bit", "Bit", "{90A790BC-CEA3-4936-8320-A745B85EEA64}"
EndProject
Project("{FAE04EC0-301F-11D3-BF4B-00C04F79EFBC}") = "bitSwapRequired", "bitSwapRequired\bitSwapRequired.csproj", "{6A40FBEA-8F84-44C1-A093-A99E04BBE56F}"
EndProject
Project("{2150E333-8FDC-42A3-9474-1A3956D46DE8}") = "Stack", "Stack", "{C831A622-AB8B-4C4D-8118-F306F68D7D0D}"
EndProject
Project("{FAE04EC0-301F-11D3-BF4B-00C04F79EFBC}") = "StackImp", "StackImp\StackImp.csproj", "{FD494532-6560-4B97-B361-99E792E2D4B3}"
EndProject
Project("{2150E333-8FDC-42A3-9474-1A3956D46DE8}") = "Recursion", "Recursion", "{BB52A3CC-F3C3-4C26-AA99-6098FB31F2E5}"
EndProject
Project("{FAE04EC0-301F-11D3-BF4B-00C04F79EFBC}") = "SumRe", "SumRe\SumRe.csproj", "{BBE9C4AC-D6E4-48B7-AA23-762611D0A180}"
EndProject
Project("{2150E333-8FDC-42A3-9474-1A3956D46DE8}") = "HashTable", "HashTable", "{7FD893D4-675D-4433-BE88-CC5CBE4F4335}"
EndProject
Project("{FAE04EC0-301F-11D3-BF4B-00C04F79EFBC}") = "Hash", "Hash\Hash.csproj", "{BE97D3B1-A11C-4EB0-A766-5CDA58B0AD90}"
EndProject
Project("{2150E333-8FDC-42A3-9474-1A3956D46DE8}") = "AlgrSearch", "AlgrSearch", "{9CE40561-7D22-4546-96F1-B9302BC4373A}"
EndProject
Project("{FAE04EC0-301F-11D3-BF4B-00C04F79EFBC}") = "LinearSearch", "LinearSearch\LinearSearch.csproj", "{664F0646-817B-40FE-B7F5-2088A7EE294E}"
EndProject
Project("{FAE04EC0-301F-11D3-BF4B-00C04F79EFBC}") = "BinarySearch", "BinarySearch\BinarySearch.csproj", "{44FCEF63-B332-45B0-9D4D-ED5BAFD51F7D}"
EndProject
Project("{2150E333-8FDC-42A3-9474-1A3956D46DE8}") = "SingleLinkedList", "SingleLinkedList", "{95DEDF56-7944-4F3A-B6BA-D163F14BC591}"
EndProject
Project("{FAE04EC0-301F-11D3-BF4B-00C04F79EFBC}") = "SingleLinkedListImple", "SingleLinkedListImple\SingleLinkedListImple.csproj", "{E2CED36F-4CA2-4AF0-8D7A-10E57F3355DB}"
EndProject
Project("{FAE04EC0-301F-11D3-BF4B-00C04F79EFBC}") = "LinkedList", "LinkedList\LinkedList.csproj", "{618A6011-E76F-4136-A058-209802C911AE}"
EndProject
Project("{FAE04EC0-301F-11D3-BF4B-00C04F79EFBC}") = "TwoNumWithSum", "TwoNumWithSum\TwoNumWithSum.csproj", "{9375C5FD-D779-43AA-A6CF-B232B398046F}"
EndProject
Project("{FAE04EC0-301F-11D3-BF4B-00C04F79EFBC}") = "AlgoArray", "AlgoArray\AlgoArray.csproj", "{D2C7A878-6997-4FDC-8355-82848C630566}"
EndProject
Project("{FAE04EC0-301F-11D3-BF4B-00C04F79EFBC}") = "ResizeArray", "ResizeArray\ResizeArray.csproj", "{DCD8F8A5-64FD-4089-9F25-BDD7EC505A5D}"
EndProject
Global
	GlobalSection(SolutionConfigurationPlatforms) = preSolution
		Debug|Any CPU = Debug|Any CPU
		Release|Any CPU = Release|Any CPU
	EndGlobalSection
	GlobalSection(ProjectConfigurationPlatforms) = postSolution
		{267724A9-72E4-4316-B2EC-A7101703732E}.Debug|Any CPU.ActiveCfg = Debug|Any CPU
		{267724A9-72E4-4316-B2EC-A7101703732E}.Debug|Any CPU.Build.0 = Debug|Any CPU
		{267724A9-72E4-4316-B2EC-A7101703732E}.Release|Any CPU.ActiveCfg = Release|Any CPU
		{267724A9-72E4-4316-B2EC-A7101703732E}.Release|Any CPU.Build.0 = Release|Any CPU
		{9F742B8B-C997-4B49-ACDD-F7A0910F5D39}.Debug|Any CPU.ActiveCfg = Debug|Any CPU
		{9F742B8B-C997-4B49-ACDD-F7A0910F5D39}.Debug|Any CPU.Build.0 = Debug|Any CPU
		{9F742B8B-C997-4B49-ACDD-F7A0910F5D39}.Release|Any CPU.ActiveCfg = Release|Any CPU
		{9F742B8B-C997-4B49-ACDD-F7A0910F5D39}.Release|Any CPU.Build.0 = Release|Any CPU
		{2B05CA54-2B1E-4B42-A7AD-28E3E3336DE6}.Debug|Any CPU.ActiveCfg = Debug|Any CPU
		{2B05CA54-2B1E-4B42-A7AD-28E3E3336DE6}.Debug|Any CPU.Build.0 = Debug|Any CPU
		{2B05CA54-2B1E-4B42-A7AD-28E3E3336DE6}.Release|Any CPU.ActiveCfg = Release|Any CPU
		{2B05CA54-2B1E-4B42-A7AD-28E3E3336DE6}.Release|Any CPU.Build.0 = Release|Any CPU
		{25C48314-794A-4E11-866C-C6FF05BE4EC2}.Debug|Any CPU.ActiveCfg = Debug|Any CPU
		{25C48314-794A-4E11-866C-C6FF05BE4EC2}.Debug|Any CPU.Build.0 = Debug|Any CPU
		{25C48314-794A-4E11-866C-C6FF05BE4EC2}.Release|Any CPU.ActiveCfg = Release|Any CPU
		{25C48314-794A-4E11-866C-C6FF05BE4EC2}.Release|Any CPU.Build.0 = Release|Any CPU
		{D52C11FF-2F14-4CC5-BFE1-DDEBE5E8A2CC}.Debug|Any CPU.ActiveCfg = Debug|Any CPU
		{D52C11FF-2F14-4CC5-BFE1-DDEBE5E8A2CC}.Debug|Any CPU.Build.0 = Debug|Any CPU
		{D52C11FF-2F14-4CC5-BFE1-DDEBE5E8A2CC}.Release|Any CPU.ActiveCfg = Release|Any CPU
		{D52C11FF-2F14-4CC5-BFE1-DDEBE5E8A2CC}.Release|Any CPU.Build.0 = Release|Any CPU
		{F18CB91B-0920-4A26-9A65-771182C96873}.Debug|Any CPU.ActiveCfg = Debug|Any CPU
		{F18CB91B-0920-4A26-9A65-771182C96873}.Debug|Any CPU.Build.0 = Debug|Any CPU
		{F18CB91B-0920-4A26-9A65-771182C96873}.Release|Any CPU.ActiveCfg = Release|Any CPU
		{F18CB91B-0920-4A26-9A65-771182C96873}.Release|Any CPU.Build.0 = Release|Any CPU
		{960A1B43-36C7-4BB2-8CC7-D381456E09B7}.Debug|Any CPU.ActiveCfg = Debug|Any CPU
		{960A1B43-36C7-4BB2-8CC7-D381456E09B7}.Debug|Any CPU.Build.0 = Debug|Any CPU
		{960A1B43-36C7-4BB2-8CC7-D381456E09B7}.Release|Any CPU.ActiveCfg = Release|Any CPU
		{960A1B43-36C7-4BB2-8CC7-D381456E09B7}.Release|Any CPU.Build.0 = Release|Any CPU
		{6C1FE484-6215-4914-96D4-02EB6212AC59}.Debug|Any CPU.ActiveCfg = Debug|Any CPU
		{6C1FE484-6215-4914-96D4-02EB6212AC59}.Debug|Any CPU.Build.0 = Debug|Any CPU
		{6C1FE484-6215-4914-96D4-02EB6212AC59}.Release|Any CPU.ActiveCfg = Release|Any CPU
		{6C1FE484-6215-4914-96D4-02EB6212AC59}.Release|Any CPU.Build.0 = Release|Any CPU
		{6A40FBEA-8F84-44C1-A093-A99E04BBE56F}.Debug|Any CPU.ActiveCfg = Debug|Any CPU
		{6A40FBEA-8F84-44C1-A093-A99E04BBE56F}.Debug|Any CPU.Build.0 = Debug|Any CPU
		{6A40FBEA-8F84-44C1-A093-A99E04BBE56F}.Release|Any CPU.ActiveCfg = Release|Any CPU
		{6A40FBEA-8F84-44C1-A093-A99E04BBE56F}.Release|Any CPU.Build.0 = Release|Any CPU
		{FD494532-6560-4B97-B361-99E792E2D4B3}.Debug|Any CPU.ActiveCfg = Debug|Any CPU
		{FD494532-6560-4B97-B361-99E792E2D4B3}.Debug|Any CPU.Build.0 = Debug|Any CPU
		{FD494532-6560-4B97-B361-99E792E2D4B3}.Release|Any CPU.ActiveCfg = Release|Any CPU
		{FD494532-6560-4B97-B361-99E792E2D4B3}.Release|Any CPU.Build.0 = Release|Any CPU
		{BBE9C4AC-D6E4-48B7-AA23-762611D0A180}.Debug|Any CPU.ActiveCfg = Debug|Any CPU
		{BBE9C4AC-D6E4-48B7-AA23-762611D0A180}.Debug|Any CPU.Build.0 = Debug|Any CPU
		{BBE9C4AC-D6E4-48B7-AA23-762611D0A180}.Release|Any CPU.ActiveCfg = Release|Any CPU
		{BBE9C4AC-D6E4-48B7-AA23-762611D0A180}.Release|Any CPU.Build.0 = Release|Any CPU
		{BE97D3B1-A11C-4EB0-A766-5CDA58B0AD90}.Debug|Any CPU.ActiveCfg = Debug|Any CPU
		{BE97D3B1-A11C-4EB0-A766-5CDA58B0AD90}.Debug|Any CPU.Build.0 = Debug|Any CPU
		{BE97D3B1-A11C-4EB0-A766-5CDA58B0AD90}.Release|Any CPU.ActiveCfg = Release|Any CPU
		{BE97D3B1-A11C-4EB0-A766-5CDA58B0AD90}.Release|Any CPU.Build.0 = Release|Any CPU
		{664F0646-817B-40FE-B7F5-2088A7EE294E}.Debug|Any CPU.ActiveCfg = Debug|Any CPU
		{664F0646-817B-40FE-B7F5-2088A7EE294E}.Debug|Any CPU.Build.0 = Debug|Any CPU
		{664F0646-817B-40FE-B7F5-2088A7EE294E}.Release|Any CPU.ActiveCfg = Release|Any CPU
		{664F0646-817B-40FE-B7F5-2088A7EE294E}.Release|Any CPU.Build.0 = Release|Any CPU
		{44FCEF63-B332-45B0-9D4D-ED5BAFD51F7D}.Debug|Any CPU.ActiveCfg = Debug|Any CPU
		{44FCEF63-B332-45B0-9D4D-ED5BAFD51F7D}.Debug|Any CPU.Build.0 = Debug|Any CPU
		{44FCEF63-B332-45B0-9D4D-ED5BAFD51F7D}.Release|Any CPU.ActiveCfg = Release|Any CPU
		{44FCEF63-B332-45B0-9D4D-ED5BAFD51F7D}.Release|Any CPU.Build.0 = Release|Any CPU
		{E2CED36F-4CA2-4AF0-8D7A-10E57F3355DB}.Debug|Any CPU.ActiveCfg = Debug|Any CPU
		{E2CED36F-4CA2-4AF0-8D7A-10E57F3355DB}.Debug|Any CPU.Build.0 = Debug|Any CPU
		{E2CED36F-4CA2-4AF0-8D7A-10E57F3355DB}.Release|Any CPU.ActiveCfg = Release|Any CPU
		{E2CED36F-4CA2-4AF0-8D7A-10E57F3355DB}.Release|Any CPU.Build.0 = Release|Any CPU
		{618A6011-E76F-4136-A058-209802C911AE}.Debug|Any CPU.ActiveCfg = Debug|Any CPU
		{618A6011-E76F-4136-A058-209802C911AE}.Debug|Any CPU.Build.0 = Debug|Any CPU
		{618A6011-E76F-4136-A058-209802C911AE}.Release|Any CPU.ActiveCfg = Release|Any CPU
		{618A6011-E76F-4136-A058-209802C911AE}.Release|Any CPU.Build.0 = Release|Any CPU
		{9375C5FD-D779-43AA-A6CF-B232B398046F}.Debug|Any CPU.ActiveCfg = Debug|Any CPU
		{9375C5FD-D779-43AA-A6CF-B232B398046F}.Debug|Any CPU.Build.0 = Debug|Any CPU
		{9375C5FD-D779-43AA-A6CF-B232B398046F}.Release|Any CPU.ActiveCfg = Release|Any CPU
		{9375C5FD-D779-43AA-A6CF-B232B398046F}.Release|Any CPU.Build.0 = Release|Any CPU
		{D2C7A878-6997-4FDC-8355-82848C630566}.Debug|Any CPU.ActiveCfg = Debug|Any CPU
		{D2C7A878-6997-4FDC-8355-82848C630566}.Debug|Any CPU.Build.0 = Debug|Any CPU
		{D2C7A878-6997-4FDC-8355-82848C630566}.Release|Any CPU.ActiveCfg = Release|Any CPU
		{D2C7A878-6997-4FDC-8355-82848C630566}.Release|Any CPU.Build.0 = Release|Any CPU
		{DCD8F8A5-64FD-4089-9F25-BDD7EC505A5D}.Debug|Any CPU.ActiveCfg = Debug|Any CPU
		{DCD8F8A5-64FD-4089-9F25-BDD7EC505A5D}.Debug|Any CPU.Build.0 = Debug|Any CPU
		{DCD8F8A5-64FD-4089-9F25-BDD7EC505A5D}.Release|Any CPU.ActiveCfg = Release|Any CPU
		{DCD8F8A5-64FD-4089-9F25-BDD7EC505A5D}.Release|Any CPU.Build.0 = Release|Any CPU
	EndGlobalSection
	GlobalSection(SolutionProperties) = preSolution
		HideSolutionNode = FALSE
	EndGlobalSection
	GlobalSection(NestedProjects) = preSolution
		{D52C11FF-2F14-4CC5-BFE1-DDEBE5E8A2CC} = {42D1CEAF-CE6B-4C29-B241-891CFB9CC6EF}
		{F18CB91B-0920-4A26-9A65-771182C96873} = {8FC283AD-D59A-4495-BF80-273F085D573D}
		{960A1B43-36C7-4BB2-8CC7-D381456E09B7} = {8FC283AD-D59A-4495-BF80-273F085D573D}
		{6C1FE484-6215-4914-96D4-02EB6212AC59} = {8FC283AD-D59A-4495-BF80-273F085D573D}
		{6A40FBEA-8F84-44C1-A093-A99E04BBE56F} = {90A790BC-CEA3-4936-8320-A745B85EEA64}
		{FD494532-6560-4B97-B361-99E792E2D4B3} = {C831A622-AB8B-4C4D-8118-F306F68D7D0D}
		{BBE9C4AC-D6E4-48B7-AA23-762611D0A180} = {BB52A3CC-F3C3-4C26-AA99-6098FB31F2E5}
		{BE97D3B1-A11C-4EB0-A766-5CDA58B0AD90} = {7FD893D4-675D-4433-BE88-CC5CBE4F4335}
		{664F0646-817B-40FE-B7F5-2088A7EE294E} = {9CE40561-7D22-4546-96F1-B9302BC4373A}
		{44FCEF63-B332-45B0-9D4D-ED5BAFD51F7D} = {9CE40561-7D22-4546-96F1-B9302BC4373A}
		{E2CED36F-4CA2-4AF0-8D7A-10E57F3355DB} = {95DEDF56-7944-4F3A-B6BA-D163F14BC591}
		{618A6011-E76F-4136-A058-209802C911AE} = {95DEDF56-7944-4F3A-B6BA-D163F14BC591}
		{9375C5FD-D779-43AA-A6CF-B232B398046F} = {8FC283AD-D59A-4495-BF80-273F085D573D}
		{D2C7A878-6997-4FDC-8355-82848C630566} = {8FC283AD-D59A-4495-BF80-273F085D573D}
		{DCD8F8A5-64FD-4089-9F25-BDD7EC505A5D} = {8FC283AD-D59A-4495-BF80-273F085D573D}
	EndGlobalSection
EndGlobal
